
Microsoft Visual Studio Solution File, Format Version 12.00
# Visual Studio Version 16
VisualStudioVersion = 16.0.30204.135
MinimumVisualStudioVersion = 10.0.40219.1
Project("{FAE04EC0-301F-11D3-BF4B-00C04F79EFBC}") = "sample_2_8", "sample_2_8\sample_2_8.csproj", "{952F7DBD-7D1D-4C0B-9415-A3A224D68510}"
EndProject
Global
	GlobalSection(SolutionConfigurationPlatforms) = preSolution
		Debug|Any CPU = Debug|Any CPU
		Release|Any CPU = Release|Any CPU
	EndGlobalSection
	GlobalSection(ProjectConfigurationPlatforms) = postSolution
		{952F7DBD-7D1D-4C0B-9415-A3A224D68510}.Debug|Any CPU.ActiveCfg = Debug|Any CPU
		{952F7DBD-7D1D-4C0B-9415-A3A224D68510}.Debug|Any CPU.Build.0 = Debug|Any CPU
		{952F7DBD-7D1D-4C0B-9415-A3A224D68510}.Release|Any CPU.ActiveCfg = Release|Any CPU
		{952F7DBD-7D1D-4C0B-9415-A3A224D68510}.Release|Any CPU.Build.0 = Release|Any CPU
	EndGlobalSection
	GlobalSection(SolutionProperties) = preSolution
		HideSolutionNode = FALSE
	EndGlobalSection
	GlobalSection(ExtensibilityGlobals) = postSolution
		SolutionGuid = {2373AF73-E15E-4AEC-A504-0F8EB5E950D4}
	EndGlobalSection
EndGlobal
